
Microsoft Visual Studio Solution File, Format Version 12.00
# Visual Studio 2013
VisualStudioVersion = 12.0.31101.0
MinimumVisualStudioVersion = 10.0.40219.1
Project("{FAE04EC0-301F-11D3-BF4B-00C04F79EFBC}") = "SqlExport", "SqlExport\SqlExport.csproj", "{15D851D5-5D3D-4D7D-9243-694AC80DB309}"
EndProject
Project("{FAE04EC0-301F-11D3-BF4B-00C04F79EFBC}") = "SqlExport.Tests", "SqlExport.Tests\SqlExport.Tests.csproj", "{B09228D4-981C-4F1D-8891-C73AEC912649}"
EndProject
Global
	GlobalSection(SolutionConfigurationPlatforms) = preSolution
		Debug|Any CPU = Debug|Any CPU
		Release|Any CPU = Release|Any CPU
	EndGlobalSection
	GlobalSection(ProjectConfigurationPlatforms) = postSolution
		{15D851D5-5D3D-4D7D-9243-694AC80DB309}.Debug|Any CPU.ActiveCfg = Debug|Any CPU
		{15D851D5-5D3D-4D7D-9243-694AC80DB309}.Debug|Any CPU.Build.0 = Debug|Any CPU
		{15D851D5-5D3D-4D7D-9243-694AC80DB309}.Release|Any CPU.ActiveCfg = Release|Any CPU
		{15D851D5-5D3D-4D7D-9243-694AC80DB309}.Release|Any CPU.Build.0 = Release|Any CPU
		{B09228D4-981C-4F1D-8891-C73AEC912649}.Debug|Any CPU.ActiveCfg = Debug|Any CPU
		{B09228D4-981C-4F1D-8891-C73AEC912649}.Debug|Any CPU.Build.0 = Debug|Any CPU
		{B09228D4-981C-4F1D-8891-C73AEC912649}.Release|Any CPU.ActiveCfg = Release|Any CPU
		{B09228D4-981C-4F1D-8891-C73AEC912649}.Release|Any CPU.Build.0 = Release|Any CPU
	EndGlobalSection
	GlobalSection(SolutionProperties) = preSolution
		HideSolutionNode = FALSE
	EndGlobalSection
EndGlobal
